
Microsoft Visual Studio Solution File, Format Version 12.00
# Visual Studio 2012
Project("{FAE04EC0-301F-11D3-BF4B-00C04F79EFBC}") = "ArmaSQMParser", "ArmaSQMParser\ArmaSQMParser.csproj", "{3A717333-5060-4D90-84CD-CDF051035110}"
EndProject
Project("{FAE04EC0-301F-11D3-BF4B-00C04F79EFBC}") = "SQMParserTest", "SQMParserTest\SQMParserTest.csproj", "{A0ACFE92-E2E7-4E67-9B10-7C025D44B3DD}"
EndProject
Project("{FAE04EC0-301F-11D3-BF4B-00C04F79EFBC}") = "SQMeditor", "SQMeditor\SQMeditor.csproj", "{B2CABC8E-25AD-4CA8-AD2E-9DEE0491059A}"
EndProject
Global
	GlobalSection(SolutionConfigurationPlatforms) = preSolution
		Debug|Any CPU = Debug|Any CPU
		Release|Any CPU = Release|Any CPU
	EndGlobalSection
	GlobalSection(ProjectConfigurationPlatforms) = postSolution
		{3A717333-5060-4D90-84CD-CDF051035110}.Debug|Any CPU.ActiveCfg = Debug|Any CPU
		{3A717333-5060-4D90-84CD-CDF051035110}.Debug|Any CPU.Build.0 = Debug|Any CPU
		{3A717333-5060-4D90-84CD-CDF051035110}.Release|Any CPU.ActiveCfg = Release|Any CPU
		{3A717333-5060-4D90-84CD-CDF051035110}.Release|Any CPU.Build.0 = Release|Any CPU
		{A0ACFE92-E2E7-4E67-9B10-7C025D44B3DD}.Debug|Any CPU.ActiveCfg = Debug|Any CPU
		{A0ACFE92-E2E7-4E67-9B10-7C025D44B3DD}.Debug|Any CPU.Build.0 = Debug|Any CPU
		{A0ACFE92-E2E7-4E67-9B10-7C025D44B3DD}.Release|Any CPU.ActiveCfg = Release|Any CPU
		{A0ACFE92-E2E7-4E67-9B10-7C025D44B3DD}.Release|Any CPU.Build.0 = Release|Any CPU
		{B2CABC8E-25AD-4CA8-AD2E-9DEE0491059A}.Debug|Any CPU.ActiveCfg = Debug|Any CPU
		{B2CABC8E-25AD-4CA8-AD2E-9DEE0491059A}.Debug|Any CPU.Build.0 = Debug|Any CPU
		{B2CABC8E-25AD-4CA8-AD2E-9DEE0491059A}.Release|Any CPU.ActiveCfg = Release|Any CPU
		{B2CABC8E-25AD-4CA8-AD2E-9DEE0491059A}.Release|Any CPU.Build.0 = Release|Any CPU
	EndGlobalSection
	GlobalSection(SolutionProperties) = preSolution
		HideSolutionNode = FALSE
	EndGlobalSection
EndGlobal
